
Microsoft Visual Studio Solution File, Format Version 12.00
# Visual Studio Version 17
VisualStudioVersion = 17.9.34321.82
MinimumVisualStudioVersion = 10.0.40219.1
Project("{8BC9CEB8-8B4A-11D0-8D11-00A0C91BC942}") = "OOPLab3Tpl", "OOPLab3Tpl\OOPLab3Tpl.vcxproj", "{8227058E-DB84-4F9E-B6E8-B2B74415AEAE}"
EndProject
Global
	GlobalSection(SolutionConfigurationPlatforms) = preSolution
		Release|x64 = Release|x64
	EndGlobalSection
	GlobalSection(ProjectConfigurationPlatforms) = postSolution
		{8227058E-DB84-4F9E-B6E8-B2B74415AEAE}.Release|x64.ActiveCfg = Release|x64
		{8227058E-DB84-4F9E-B6E8-B2B74415AEAE}.Release|x64.Build.0 = Release|x64
	EndGlobalSection
	GlobalSection(SolutionProperties) = preSolution
		HideSolutionNode = FALSE
	EndGlobalSection
	GlobalSection(ExtensibilityGlobals) = postSolution
		SolutionGuid = {C72BFA8D-FEEC-4FC5-B7BC-80D19A0FF527}
	EndGlobalSection
EndGlobal
